<?xml version="1.0" encoding="utf-8"?>
<Project ToolsVersion="4.0" xmlns="http://schemas.microsoft.com/developer/msbuild/2003">
  <ItemGroup>
    <Filter Include="KamataEngine">
      <UniqueIdentifier>{4FC737F1-C7A5-4376-A066-2A32D752A2FF}</UniqueIdentifier>
      <Extensions>cpp;c;cc;cxx;c++;cppm;ixx;def;odl;idl;hpj;bat;asm;asmx</Extensions>
    </Filter>
    <Filter Include="KamataEngine\Source">
      <UniqueIdentifier>{d966e9f8-e880-44ae-8586-a08515e4cffc}</UniqueIdentifier>
    </Filter>
    <Filter Include="KamataEngine\Include">
      <UniqueIdentifier>{4aae4e40-94f7-4d32-9a91-c0c37a2edf0d}</UniqueIdentifier>
    </Filter>
    <Filter Include="KamataEngine\Adapter">
      <UniqueIdentifier>{c6468eb4-788b-4a83-b207-a5f4804e56c5}</UniqueIdentifier>
    </Filter>
    <Filter Include="ソースファイル">
      <UniqueIdentifier>{d15bae77-780d-463d-a725-e52fdb0dc38c}</UniqueIdentifier>
    </Filter>
    <Filter Include="MT3">
      <UniqueIdentifier>{ceee13d1-9c38-4f1f-ad0b-7ec5ee604f24}</UniqueIdentifier>
    </Filter>
    <Filter Include="MT3\00">
      <UniqueIdentifier>{dd229fc3-278e-4e40-84eb-e3a8d501129b}</UniqueIdentifier>
    </Filter>
    <Filter Include="MT3\00\00_01">
      <UniqueIdentifier>{423cf975-230d-4f55-84a6-f441efdcb84b}</UniqueIdentifier>
    </Filter>
    <Filter Include="MT3\00\00_02">
      <UniqueIdentifier>{bd5b67b2-ccb2-4e4d-91ce-af9b74a98e50}</UniqueIdentifier>
    </Filter>
    <Filter Include="MT3\00\00_03">
      <UniqueIdentifier>{029a4694-21d5-40d5-93ec-484b9d141584}</UniqueIdentifier>
    </Filter>
    <Filter Include="MT3\00\00_04">
      <UniqueIdentifier>{f6adaccd-7b5e-4f7b-a139-5ea6597a6809}</UniqueIdentifier>
    </Filter>
    <Filter Include="MT3\00\00_05">
      <UniqueIdentifier>{b5422fe0-1722-4b17-ab17-b147a32f36d5}</UniqueIdentifier>
    </Filter>
    <Filter Include="MT3\01">
      <UniqueIdentifier>{3bd682b0-7f0a-400a-98ed-baf8ef4e83e2}</UniqueIdentifier>
    </Filter>
    <Filter Include="MT3\01\01_00">
      <UniqueIdentifier>{e6d50605-13d1-437a-bdf8-afa064cab290}</UniqueIdentifier>
    </Filter>
    <Filter Include="MT3\01\01_01">
      <UniqueIdentifier>{438a54f8-bd8b-4eb6-ba73-8cb2d5fe9686}</UniqueIdentifier>
    </Filter>
    <Filter Include="MT3\01\01_02">
      <UniqueIdentifier>{4442c3fd-c117-4411-8d15-9641907a84e6}</UniqueIdentifier>
    </Filter>
    <Filter Include="MT3\02">
      <UniqueIdentifier>{01905fb4-2903-403f-9375-e54a45ee6daa}</UniqueIdentifier>
    </Filter>
    <Filter Include="MT3\02\02_00">
      <UniqueIdentifier>{de3dc12c-7b62-4f71-b7a8-77915474f614}</UniqueIdentifier>
    </Filter>
    <Filter Include="MT3\02\02_01">
      <UniqueIdentifier>{fce699a2-8239-4aba-a943-df6ab81af98b}</UniqueIdentifier>
    </Filter>
    <Filter Include="MT3\02\02_02">
      <UniqueIdentifier>{82a13aee-146d-42c5-a870-ce2710d11115}</UniqueIdentifier>
    </Filter>
    <Filter Include="MT3\02\02_03">
      <UniqueIdentifier>{47510800-9af1-464f-9f9f-1dc2184cda7d}</UniqueIdentifier>
    </Filter>
    <Filter Include="MT3\02\02_04">
      <UniqueIdentifier>{0f6901df-80c1-48d0-8396-c44aa31f70d1}</UniqueIdentifier>
    </Filter>
    <Filter Include="MT3\02\02_05">
      <UniqueIdentifier>{e0462850-44cb-43ca-9fc5-17959a36b3ee}</UniqueIdentifier>
    </Filter>
    <Filter Include="MT3\02\02_06">
      <UniqueIdentifier>{e5705163-8402-4866-a2db-3b2c9362e4da}</UniqueIdentifier>
    </Filter>
    <Filter Include="MT3\02\02_07">
      <UniqueIdentifier>{2b730f48-458c-45b6-bacf-8069f2158075}</UniqueIdentifier>
    </Filter>
  </ItemGroup>
  <ItemGroup>
    <ClCompile Include="C:\KamataEngine\Adapter\Novice.cpp">
      <Filter>KamataEngine\Adapter</Filter>
    </ClCompile>
    <ClCompile Include="main.cpp">
      <Filter>ソースファイル</Filter>
    </ClCompile>
    <ClCompile Include="Vector3Mas.cpp">
      <Filter>MT3\00\00_01</Filter>
    </ClCompile>
    <ClCompile Include="Matrix4.cpp">
      <Filter>MT3\00\00_02</Filter>
    </ClCompile>
    <ClCompile Include="MakeMatrix.cpp">
      <Filter>MT3\00\00_03</Filter>
    </ClCompile>
    <ClCompile Include="Rotate.cpp">
      <Filter>MT3\00\00_04</Filter>
    </ClCompile>
    <ClCompile Include="WorldM4.cpp">
      <Filter>MT3\00\00_05</Filter>
    </ClCompile>
    <ClCompile Include="RringPlineVer2.cpp">
      <Filter>MT3\01\01_00</Filter>
    </ClCompile>
    <ClCompile Include="POLYGON.cpp">
      <Filter>MT3\01\01_01</Filter>
    </ClCompile>
    <ClCompile Include="GRID.cpp">
      <Filter>MT3\01\01_02</Filter>
    </ClCompile>
    <ClCompile Include="Vectol.cpp">
      <Filter>MT3\02\02_00</Filter>
    </ClCompile>
    <ClCompile Include="SphereSecond.cpp">
      <Filter>MT3\02\02_01</Filter>
    </ClCompile>
    <ClCompile Include="GameScene.cpp">
      <Filter>ソースファイル</Filter>
    </ClCompile>
    <ClCompile Include="PlaneSphere.cpp">
      <Filter>MT3\02\02_02</Filter>
    </ClCompile>
    <ClCompile Include="PlaneSegment.cpp">
      <Filter>MT3\02\02_03</Filter>
    </ClCompile>
    <ClCompile Include="Tangle.cpp">
      <Filter>MT3\02\02_04</Filter>
    </ClCompile>
    <ClCompile Include="BoxA.cpp">
      <Filter>MT3\02\02_05</Filter>
    </ClCompile>
    <ClCompile Include="BoxToSphere.cpp">
      <Filter>MT3\02\02_06</Filter>
    </ClCompile>
    <ClCompile Include="BoxToSegment.cpp">
      <Filter>MT3\02\02_07</Filter>
    </ClCompile>
  </ItemGroup>
  <ItemGroup>
    <ClInclude Include="C:\KamataEngine\DirectXGame\audio\Audio.h">
      <Filter>KamataEngine\Include</Filter>
    </ClInclude>
    <ClInclude Include="C:\KamataEngine\DirectXGame\2d\DebugText.h">
      <Filter>KamataEngine\Include</Filter>
    </ClInclude>
    <ClInclude Include="C:\KamataEngine\DirectXGame\base\DirectXCommon.h">
      <Filter>KamataEngine\Include</Filter>
    </ClInclude>
    <ClInclude Include="C:\KamataEngine\DirectXGame\scene\GameScene.h">
      <Filter>KamataEngine\Include</Filter>
    </ClInclude>
    <ClInclude Include="C:\KamataEngine\DirectXGame\input\Input.h">
      <Filter>KamataEngine\Include</Filter>
    </ClInclude>
    <ClInclude Include="C:\KamataEngine\DirectXGame\3d\Model.h">
      <Filter>KamataEngine\Include</Filter>
    </ClInclude>
    <ClInclude Include="C:\KamataEngine\DirectXGame\base\SafeDelete.h">
      <Filter>KamataEngine\Include</Filter>
    </ClInclude>
    <ClInclude Include="C:\KamataEngine\DirectXGame\2d\Sprite.h">
      <Filter>KamataEngine\Include</Filter>
    </ClInclude>
    <ClInclude Include="C:\KamataEngine\DirectXGame\base\TextureManager.h">
      <Filter>KamataEngine\Include</Filter>
    </ClInclude>
    <ClInclude Include="C:\KamataEngine\DirectXGame\base\WinApp.h">
      <Filter>KamataEngine\Include</Filter>
    </ClInclude>
    <ClInclude Include="C:\KamataEngine\DirectXGame\3d\WorldTransform.h">
      <Filter>KamataEngine\Include</Filter>
    </ClInclude>
    <ClInclude Include="C:\KamataEngine\Adapter\Novice.h">
      <Filter>KamataEngine\Adapter</Filter>
    </ClInclude>
    <ClInclude Include="C:\KamataEngine\DirectXGame\3d\CircleShadow.h">
      <Filter>KamataEngine\Include</Filter>
    </ClInclude>
    <ClInclude Include="C:\KamataEngine\DirectXGame\3d\DebugCamera.h">
      <Filter>KamataEngine\Include</Filter>
    </ClInclude>
    <ClInclude Include="C:\KamataEngine\DirectXGame\3d\DirectionalLight.h">
      <Filter>KamataEngine\Include</Filter>
    </ClInclude>
    <ClInclude Include="C:\KamataEngine\DirectXGame\3d\LightGroup.h">
      <Filter>KamataEngine\Include</Filter>
    </ClInclude>
    <ClInclude Include="C:\KamataEngine\DirectXGame\3d\Material.h">
      <Filter>KamataEngine\Include</Filter>
    </ClInclude>
    <ClInclude Include="C:\KamataEngine\DirectXGame\3d\Mesh.h">
      <Filter>KamataEngine\Include</Filter>
    </ClInclude>
    <ClInclude Include="C:\KamataEngine\DirectXGame\3d\PointLight.h">
      <Filter>KamataEngine\Include</Filter>
    </ClInclude>
    <ClInclude Include="C:\KamataEngine\DirectXGame\3d\SpotLight.h">
      <Filter>KamataEngine\Include</Filter>
    </ClInclude>
    <ClInclude Include="C:\KamataEngine\DirectXGame\base\StringUtility.h">
      <Filter>KamataEngine\Include</Filter>
    </ClInclude>
    <ClInclude Include="..\DirectXGame\3d\Camera.h">
      <Filter>KamataEngine\Include</Filter>
    </ClInclude>
    <ClInclude Include="C:\KamataEngine\DirectXGame\math\Matrix4x4.h">
      <Filter>KamataEngine\Include</Filter>
    </ClInclude>
    <ClInclude Include="C:\KamataEngine\DirectXGame\math\Vector2.h">
      <Filter>KamataEngine\Include</Filter>
    </ClInclude>
    <ClInclude Include="C:\KamataEngine\DirectXGame\math\Vector3.h">
      <Filter>KamataEngine\Include</Filter>
    </ClInclude>
    <ClInclude Include="C:\KamataEngine\DirectXGame\math\Vector4.h">
      <Filter>KamataEngine\Include</Filter>
    </ClInclude>
    <ClInclude Include="C:\KamataEngine\DirectXGame\2d\ImGuiManager.h">
      <Filter>KamataEngine\Include</Filter>
    </ClInclude>
    <ClInclude Include="Vector3Mas.h">
      <Filter>MT3\00\00_01</Filter>
    </ClInclude>
    <ClInclude Include="Matrix4.h">
      <Filter>MT3\00\00_02</Filter>
    </ClInclude>
    <ClInclude Include="MakeMatrix.h">
      <Filter>MT3\00\00_03</Filter>
    </ClInclude>
    <ClInclude Include="Object.h">
      <Filter>ソースファイル</Filter>
    </ClInclude>
    <ClInclude Include="Rotate.h">
      <Filter>MT3\00\00_04</Filter>
    </ClInclude>
    <ClInclude Include="WorldM4.h">
      <Filter>MT3\00\00_05</Filter>
    </ClInclude>
    <ClInclude Include="RringPlineVer2.h">
      <Filter>MT3\01\01_00</Filter>
    </ClInclude>
    <ClInclude Include="POLYGON.h">
      <Filter>MT3\01\01_01</Filter>
    </ClInclude>
    <ClInclude Include="GRID.h">
      <Filter>MT3\01\01_02</Filter>
    </ClInclude>
    <ClInclude Include="Vectol.h">
      <Filter>MT3\02\02_00</Filter>
    </ClInclude>
    <ClInclude Include="SphereSecond.h">
      <Filter>MT3\02\02_01</Filter>
    </ClInclude>
    <ClInclude Include="PlaneSphere.h">
      <Filter>MT3\02\02_02</Filter>
    </ClInclude>
    <ClInclude Include="GameScene.h">
      <Filter>ソースファイル</Filter>
    </ClInclude>
    <ClInclude Include="PlaneSegment.h">
      <Filter>MT3\02\02_03</Filter>
    </ClInclude>
    <ClInclude Include="Tangle.h">
      <Filter>MT3\02\02_04</Filter>
    </ClInclude>
    <ClInclude Include="BoxA.h">
      <Filter>MT3\02\02_05</Filter>
    </ClInclude>
    <ClInclude Include="BoxToSphere.h">
      <Filter>MT3\02\02_06</Filter>
    </ClInclude>
    <ClInclude Include="BoxToSegment.h">
      <Filter>MT3\02\02_07</Filter>
    </ClInclude>
  </ItemGroup>
</Project>